
Microsoft Visual Studio Solution File, Format Version 12.00
# Visual Studio 2012
Project("{FAE04EC0-301F-11D3-BF4B-00C04F79EFBC}") = "FizzBuzzTests", "FizzBuzzTests\FizzBuzzTests.csproj", "{1222B0B4-A544-47CC-86C5-3591D83DC57B}"
EndProject
Project("{FAE04EC0-301F-11D3-BF4B-00C04F79EFBC}") = "FizzBuzz", "FizzBuzzKata\FizzBuzz.csproj", "{9FF16C7A-552B-478A-93E8-74EF230FC876}"
EndProject
Project("{2150E333-8FDC-42A3-9474-1A3956D46DE8}") = "FizzBuzzKata", "FizzBuzzKata", "{642803B0-B732-4E6A-9DEA-0FF65B31B181}"
EndProject
Global
	GlobalSection(SolutionConfigurationPlatforms) = preSolution
		Debug|Any CPU = Debug|Any CPU
		Release|Any CPU = Release|Any CPU
	EndGlobalSection
	GlobalSection(ProjectConfigurationPlatforms) = postSolution
		{1222B0B4-A544-47CC-86C5-3591D83DC57B}.Debug|Any CPU.ActiveCfg = Debug|Any CPU
		{1222B0B4-A544-47CC-86C5-3591D83DC57B}.Debug|Any CPU.Build.0 = Debug|Any CPU
		{1222B0B4-A544-47CC-86C5-3591D83DC57B}.Release|Any CPU.ActiveCfg = Release|Any CPU
		{1222B0B4-A544-47CC-86C5-3591D83DC57B}.Release|Any CPU.Build.0 = Release|Any CPU
		{9FF16C7A-552B-478A-93E8-74EF230FC876}.Debug|Any CPU.ActiveCfg = Debug|Any CPU
		{9FF16C7A-552B-478A-93E8-74EF230FC876}.Debug|Any CPU.Build.0 = Debug|Any CPU
		{9FF16C7A-552B-478A-93E8-74EF230FC876}.Release|Any CPU.ActiveCfg = Release|Any CPU
		{9FF16C7A-552B-478A-93E8-74EF230FC876}.Release|Any CPU.Build.0 = Release|Any CPU
	EndGlobalSection
	GlobalSection(SolutionProperties) = preSolution
		HideSolutionNode = FALSE
	EndGlobalSection
	GlobalSection(NestedProjects) = preSolution
		{9FF16C7A-552B-478A-93E8-74EF230FC876} = {642803B0-B732-4E6A-9DEA-0FF65B31B181}
		{1222B0B4-A544-47CC-86C5-3591D83DC57B} = {642803B0-B732-4E6A-9DEA-0FF65B31B181}
	EndGlobalSection
EndGlobal
