
Microsoft Visual Studio Solution File, Format Version 12.00
# Visual Studio 2012
Project("{FAE04EC0-301F-11D3-BF4B-00C04F79EFBC}") = "FizzBuzzTests", "FizzBuzzTests\FizzBuzzTests.csproj", "{1222B0B4-A544-47CC-86C5-3591D83DC57B}"
EndProject
Project("{FAE04EC0-301F-11D3-BF4B-00C04F79EFBC}") = "FizzBuzz", "FizzBuzzKata\FizzBuzz.csproj", "{9FF16C7A-552B-478A-93E8-74EF230FC876}"
EndProject
Project("{2150E333-8FDC-42A3-9474-1A3956D46DE8}") = "FizzBuzz", "FizzBuzz", "{642803B0-B732-4E6A-9DEA-0FF65B31B181}"
EndProject
Project("{2150E333-8FDC-42A3-9474-1A3956D46DE8}") = "PrimeFactors", "PrimeFactors", "{B8075CA3-4FFF-4769-A5EE-1FB498E03BB1}"
EndProject
Project("{FAE04EC0-301F-11D3-BF4B-00C04F79EFBC}") = "PrimeFactorsTests", "PrimeFactorsTests\PrimeFactorsTests.csproj", "{1281FC66-9B8C-4A05-AD25-C14099B77C1E}"
EndProject
Project("{FAE04EC0-301F-11D3-BF4B-00C04F79EFBC}") = "PrimeFactors", "PrimeFactors\PrimeFactors.csproj", "{0603D897-37FB-4A96-AB8D-C38E9B4ABE1C}"
EndProject
Project("{2150E333-8FDC-42A3-9474-1A3956D46DE8}") = "Anagram", "Anagram", "{C9EB0517-2785-4E47-AF56-A15BF3ABE8DD}"
EndProject
Project("{FAE04EC0-301F-11D3-BF4B-00C04F79EFBC}") = "Anagram", "Anagram\Anagram.csproj", "{9C0D4B74-59B1-4C9D-8F37-418D58CC4035}"
EndProject
Project("{FAE04EC0-301F-11D3-BF4B-00C04F79EFBC}") = "AnagramTests", "AnagramTests\AnagramTests.csproj", "{397BE79D-C49A-402E-9442-F9383BB4A796}"
EndProject
Project("{2150E333-8FDC-42A3-9474-1A3956D46DE8}") = "LineSegmentIntersection", "LineSegmentIntersection", "{0DA9F75E-FA48-4BE1-8C56-9E6A6E9BE2B3}"
EndProject
Project("{FAE04EC0-301F-11D3-BF4B-00C04F79EFBC}") = "LineIntersection", "LineIntersection\LineIntersection.csproj", "{FB8CC40E-2186-4808-8A73-2266E57075E5}"
EndProject
Project("{FAE04EC0-301F-11D3-BF4B-00C04F79EFBC}") = "LineIntersectionTests", "LineIntersectionTests\LineIntersectionTests.csproj", "{7357E9B6-BFF3-4366-98DD-D85BCE942C05}"
EndProject
Project("{2150E333-8FDC-42A3-9474-1A3956D46DE8}") = "RectangleIntersection", "RectangleIntersection", "{B1C5BCD9-DF05-415F-AD83-2DCA3C23002F}"
EndProject
Project("{FAE04EC0-301F-11D3-BF4B-00C04F79EFBC}") = "RectangleIntersection", "Rectangle\RectangleIntersection.csproj", "{E5C316F9-3C43-4D22-ACDA-093D6D96ABDB}"
EndProject
Project("{FAE04EC0-301F-11D3-BF4B-00C04F79EFBC}") = "RectangleIntersectionTests", "RectangleTests\RectangleIntersectionTests.csproj", "{85AED6A8-68DF-4B4E-ADFE-D1650D19273A}"
EndProject
Global
	GlobalSection(SolutionConfigurationPlatforms) = preSolution
		Debug|Any CPU = Debug|Any CPU
		Release|Any CPU = Release|Any CPU
	EndGlobalSection
	GlobalSection(ProjectConfigurationPlatforms) = postSolution
		{1222B0B4-A544-47CC-86C5-3591D83DC57B}.Debug|Any CPU.ActiveCfg = Debug|Any CPU
		{1222B0B4-A544-47CC-86C5-3591D83DC57B}.Debug|Any CPU.Build.0 = Debug|Any CPU
		{1222B0B4-A544-47CC-86C5-3591D83DC57B}.Release|Any CPU.ActiveCfg = Release|Any CPU
		{1222B0B4-A544-47CC-86C5-3591D83DC57B}.Release|Any CPU.Build.0 = Release|Any CPU
		{9FF16C7A-552B-478A-93E8-74EF230FC876}.Debug|Any CPU.ActiveCfg = Debug|Any CPU
		{9FF16C7A-552B-478A-93E8-74EF230FC876}.Debug|Any CPU.Build.0 = Debug|Any CPU
		{9FF16C7A-552B-478A-93E8-74EF230FC876}.Release|Any CPU.ActiveCfg = Release|Any CPU
		{9FF16C7A-552B-478A-93E8-74EF230FC876}.Release|Any CPU.Build.0 = Release|Any CPU
		{1281FC66-9B8C-4A05-AD25-C14099B77C1E}.Debug|Any CPU.ActiveCfg = Debug|Any CPU
		{1281FC66-9B8C-4A05-AD25-C14099B77C1E}.Debug|Any CPU.Build.0 = Debug|Any CPU
		{1281FC66-9B8C-4A05-AD25-C14099B77C1E}.Release|Any CPU.ActiveCfg = Release|Any CPU
		{1281FC66-9B8C-4A05-AD25-C14099B77C1E}.Release|Any CPU.Build.0 = Release|Any CPU
		{0603D897-37FB-4A96-AB8D-C38E9B4ABE1C}.Debug|Any CPU.ActiveCfg = Debug|Any CPU
		{0603D897-37FB-4A96-AB8D-C38E9B4ABE1C}.Debug|Any CPU.Build.0 = Debug|Any CPU
		{0603D897-37FB-4A96-AB8D-C38E9B4ABE1C}.Release|Any CPU.ActiveCfg = Release|Any CPU
		{0603D897-37FB-4A96-AB8D-C38E9B4ABE1C}.Release|Any CPU.Build.0 = Release|Any CPU
		{9C0D4B74-59B1-4C9D-8F37-418D58CC4035}.Debug|Any CPU.ActiveCfg = Debug|Any CPU
		{9C0D4B74-59B1-4C9D-8F37-418D58CC4035}.Debug|Any CPU.Build.0 = Debug|Any CPU
		{9C0D4B74-59B1-4C9D-8F37-418D58CC4035}.Release|Any CPU.ActiveCfg = Release|Any CPU
		{9C0D4B74-59B1-4C9D-8F37-418D58CC4035}.Release|Any CPU.Build.0 = Release|Any CPU
		{397BE79D-C49A-402E-9442-F9383BB4A796}.Debug|Any CPU.ActiveCfg = Debug|Any CPU
		{397BE79D-C49A-402E-9442-F9383BB4A796}.Debug|Any CPU.Build.0 = Debug|Any CPU
		{397BE79D-C49A-402E-9442-F9383BB4A796}.Release|Any CPU.ActiveCfg = Release|Any CPU
		{397BE79D-C49A-402E-9442-F9383BB4A796}.Release|Any CPU.Build.0 = Release|Any CPU
		{FB8CC40E-2186-4808-8A73-2266E57075E5}.Debug|Any CPU.ActiveCfg = Debug|Any CPU
		{FB8CC40E-2186-4808-8A73-2266E57075E5}.Debug|Any CPU.Build.0 = Debug|Any CPU
		{FB8CC40E-2186-4808-8A73-2266E57075E5}.Release|Any CPU.ActiveCfg = Release|Any CPU
		{FB8CC40E-2186-4808-8A73-2266E57075E5}.Release|Any CPU.Build.0 = Release|Any CPU
		{7357E9B6-BFF3-4366-98DD-D85BCE942C05}.Debug|Any CPU.ActiveCfg = Debug|Any CPU
		{7357E9B6-BFF3-4366-98DD-D85BCE942C05}.Debug|Any CPU.Build.0 = Debug|Any CPU
		{7357E9B6-BFF3-4366-98DD-D85BCE942C05}.Release|Any CPU.ActiveCfg = Release|Any CPU
		{7357E9B6-BFF3-4366-98DD-D85BCE942C05}.Release|Any CPU.Build.0 = Release|Any CPU
		{E5C316F9-3C43-4D22-ACDA-093D6D96ABDB}.Debug|Any CPU.ActiveCfg = Debug|Any CPU
		{E5C316F9-3C43-4D22-ACDA-093D6D96ABDB}.Debug|Any CPU.Build.0 = Debug|Any CPU
		{E5C316F9-3C43-4D22-ACDA-093D6D96ABDB}.Release|Any CPU.ActiveCfg = Release|Any CPU
		{E5C316F9-3C43-4D22-ACDA-093D6D96ABDB}.Release|Any CPU.Build.0 = Release|Any CPU
		{85AED6A8-68DF-4B4E-ADFE-D1650D19273A}.Debug|Any CPU.ActiveCfg = Debug|Any CPU
		{85AED6A8-68DF-4B4E-ADFE-D1650D19273A}.Debug|Any CPU.Build.0 = Debug|Any CPU
		{85AED6A8-68DF-4B4E-ADFE-D1650D19273A}.Release|Any CPU.ActiveCfg = Release|Any CPU
		{85AED6A8-68DF-4B4E-ADFE-D1650D19273A}.Release|Any CPU.Build.0 = Release|Any CPU
	EndGlobalSection
	GlobalSection(SolutionProperties) = preSolution
		HideSolutionNode = FALSE
	EndGlobalSection
	GlobalSection(NestedProjects) = preSolution
		{9FF16C7A-552B-478A-93E8-74EF230FC876} = {642803B0-B732-4E6A-9DEA-0FF65B31B181}
		{1222B0B4-A544-47CC-86C5-3591D83DC57B} = {642803B0-B732-4E6A-9DEA-0FF65B31B181}
		{1281FC66-9B8C-4A05-AD25-C14099B77C1E} = {B8075CA3-4FFF-4769-A5EE-1FB498E03BB1}
		{0603D897-37FB-4A96-AB8D-C38E9B4ABE1C} = {B8075CA3-4FFF-4769-A5EE-1FB498E03BB1}
		{9C0D4B74-59B1-4C9D-8F37-418D58CC4035} = {C9EB0517-2785-4E47-AF56-A15BF3ABE8DD}
		{397BE79D-C49A-402E-9442-F9383BB4A796} = {C9EB0517-2785-4E47-AF56-A15BF3ABE8DD}
		{FB8CC40E-2186-4808-8A73-2266E57075E5} = {0DA9F75E-FA48-4BE1-8C56-9E6A6E9BE2B3}
		{7357E9B6-BFF3-4366-98DD-D85BCE942C05} = {0DA9F75E-FA48-4BE1-8C56-9E6A6E9BE2B3}
		{E5C316F9-3C43-4D22-ACDA-093D6D96ABDB} = {B1C5BCD9-DF05-415F-AD83-2DCA3C23002F}
		{85AED6A8-68DF-4B4E-ADFE-D1650D19273A} = {B1C5BCD9-DF05-415F-AD83-2DCA3C23002F}
	EndGlobalSection
EndGlobal
